
Microsoft Visual Studio Solution File, Format Version 12.00
# Visual Studio 15
VisualStudioVersion = 15.0.26228.9
MinimumVisualStudioVersion = 10.0.40219.1
Project("{FAE04EC0-301F-11D3-BF4B-00C04F79EFBC}") = "AlienLanguageGui", "AlienLanguageGui\AlienLanguageGui.csproj", "{80608EF5-F7D5-4DE7-A933-7BBA5D184FDE}"
EndProject
Project("{FAE04EC0-301F-11D3-BF4B-00C04F79EFBC}") = "AlienLanguageBL", "AlienLanguageBL\AlienLanguageBL.csproj", "{61CD1E3A-2CD4-4A98-AA2E-77FEE256EDDD}"
EndProject
Project("{FAE04EC0-301F-11D3-BF4B-00C04F79EFBC}") = "UnitTest", "UnitTest\UnitTest.csproj", "{FBA8B570-7955-4590-8C75-836C2D5DE592}"
EndProject
Project("{FAE04EC0-301F-11D3-BF4B-00C04F79EFBC}") = "DuckMigrationGui", "DuckMigrationGUI\DuckMigrationGui.csproj", "{4704A0CE-42E0-4A0A-A747-F425D8A0F2E6}"
EndProject
Project("{FAE04EC0-301F-11D3-BF4B-00C04F79EFBC}") = "DuckMigrationBL", "DuckMigrationBL\DuckMigrationBL.csproj", "{F3CB73C6-59F3-44DB-8587-71FCA233044F}"
EndProject
Project("{FAE04EC0-301F-11D3-BF4B-00C04F79EFBC}") = "Menu", "Menu\Menu.csproj", "{E9FE1DCA-96B3-4694-9419-74B977D7A4C4}"
EndProject
Global
	GlobalSection(SolutionConfigurationPlatforms) = preSolution
		Debug|Any CPU = Debug|Any CPU
		Release|Any CPU = Release|Any CPU
	EndGlobalSection
	GlobalSection(ProjectConfigurationPlatforms) = postSolution
		{80608EF5-F7D5-4DE7-A933-7BBA5D184FDE}.Debug|Any CPU.ActiveCfg = Debug|Any CPU
		{80608EF5-F7D5-4DE7-A933-7BBA5D184FDE}.Debug|Any CPU.Build.0 = Debug|Any CPU
		{80608EF5-F7D5-4DE7-A933-7BBA5D184FDE}.Release|Any CPU.ActiveCfg = Release|Any CPU
		{80608EF5-F7D5-4DE7-A933-7BBA5D184FDE}.Release|Any CPU.Build.0 = Release|Any CPU
		{61CD1E3A-2CD4-4A98-AA2E-77FEE256EDDD}.Debug|Any CPU.ActiveCfg = Debug|Any CPU
		{61CD1E3A-2CD4-4A98-AA2E-77FEE256EDDD}.Debug|Any CPU.Build.0 = Debug|Any CPU
		{61CD1E3A-2CD4-4A98-AA2E-77FEE256EDDD}.Release|Any CPU.ActiveCfg = Release|Any CPU
		{61CD1E3A-2CD4-4A98-AA2E-77FEE256EDDD}.Release|Any CPU.Build.0 = Release|Any CPU
		{FBA8B570-7955-4590-8C75-836C2D5DE592}.Debug|Any CPU.ActiveCfg = Debug|Any CPU
		{FBA8B570-7955-4590-8C75-836C2D5DE592}.Debug|Any CPU.Build.0 = Debug|Any CPU
		{FBA8B570-7955-4590-8C75-836C2D5DE592}.Release|Any CPU.ActiveCfg = Release|Any CPU
		{FBA8B570-7955-4590-8C75-836C2D5DE592}.Release|Any CPU.Build.0 = Release|Any CPU
		{4704A0CE-42E0-4A0A-A747-F425D8A0F2E6}.Debug|Any CPU.ActiveCfg = Debug|Any CPU
		{4704A0CE-42E0-4A0A-A747-F425D8A0F2E6}.Debug|Any CPU.Build.0 = Debug|Any CPU
		{4704A0CE-42E0-4A0A-A747-F425D8A0F2E6}.Release|Any CPU.ActiveCfg = Release|Any CPU
		{4704A0CE-42E0-4A0A-A747-F425D8A0F2E6}.Release|Any CPU.Build.0 = Release|Any CPU
		{F3CB73C6-59F3-44DB-8587-71FCA233044F}.Debug|Any CPU.ActiveCfg = Debug|Any CPU
		{F3CB73C6-59F3-44DB-8587-71FCA233044F}.Debug|Any CPU.Build.0 = Debug|Any CPU
		{F3CB73C6-59F3-44DB-8587-71FCA233044F}.Release|Any CPU.ActiveCfg = Release|Any CPU
		{F3CB73C6-59F3-44DB-8587-71FCA233044F}.Release|Any CPU.Build.0 = Release|Any CPU
		{E9FE1DCA-96B3-4694-9419-74B977D7A4C4}.Debug|Any CPU.ActiveCfg = Debug|Any CPU
		{E9FE1DCA-96B3-4694-9419-74B977D7A4C4}.Debug|Any CPU.Build.0 = Debug|Any CPU
		{E9FE1DCA-96B3-4694-9419-74B977D7A4C4}.Release|Any CPU.ActiveCfg = Release|Any CPU
		{E9FE1DCA-96B3-4694-9419-74B977D7A4C4}.Release|Any CPU.Build.0 = Release|Any CPU
	EndGlobalSection
	GlobalSection(SolutionProperties) = preSolution
		HideSolutionNode = FALSE
	EndGlobalSection
EndGlobal
